
Microsoft Visual Studio Solution File, Format Version 12.00
# Visual Studio Version 17
VisualStudioVersion = 17.5.002.0
MinimumVisualStudioVersion = 10.0.40219.1
Project("{9A19103F-16F7-4668-BE54-9A1E7A4F7556}") = "EMS.API", "EMS.API.csproj", "{F578DD02-DBF8-4FE4-9646-C25E0878F1ED}"
EndProject
Global
	GlobalSection(SolutionConfigurationPlatforms) = preSolution
		Debug|Any CPU = Debug|Any CPU
		Release|Any CPU = Release|Any CPU
	EndGlobalSection
	GlobalSection(ProjectConfigurationPlatforms) = postSolution
		{F578DD02-DBF8-4FE4-9646-C25E0878F1ED}.Debug|Any CPU.ActiveCfg = Debug|Any CPU
		{F578DD02-DBF8-4FE4-9646-C25E0878F1ED}.Debug|Any CPU.Build.0 = Debug|Any CPU
		{F578DD02-DBF8-4FE4-9646-C25E0878F1ED}.Release|Any CPU.ActiveCfg = Release|Any CPU
		{F578DD02-DBF8-4FE4-9646-C25E0878F1ED}.Release|Any CPU.Build.0 = Release|Any CPU
	EndGlobalSection
	GlobalSection(SolutionProperties) = preSolution
		HideSolutionNode = FALSE
	EndGlobalSection
	GlobalSection(ExtensibilityGlobals) = postSolution
		SolutionGuid = {59D16B9A-4E8A-4AE8-A213-4E4B9E2DAE7C}
	EndGlobalSection
EndGlobal
